# This file is automatically @generated by Cargo.
# It is not intended for manual editing.
version = 4

[[package]]
name = "log"
version = "0.4.33"
source = "registry+https://github.com/rust-lang/crates.io-index"
checksum = "0ceec5bc11778974d1bcb055b18002eba7f4b3518b6a0081b3af5f21666da9ad"

[[package]]
name = "planner-experiments"
version = "0.1.0"
dependencies = [
 "sqlparser",
]

[[package]]
name = "sqlparser"
version = "0.52.0"
source = "registry+https://github.com/rust-lang/crates.io-index"
checksum = "9a875d8cd437cc8a97e9aeaeea352ec9a19aea99c23e9effb17757291de80b08"
dependencies = [
 "log",
]
